// !$*UTF8*$!
{
	archiveVersion = 1;
	classes = {
	};
	objectVersion = 50;
	objects = {

/* Begin PBXBuildFile section */
		D67EEC5323A9E02B00E8F948 /* AppDelegate.swift in Sources */ = {isa = PBXBuildFile; fileRef = D67EEC5223A9E02B00E8F948 /* AppDelegate.swift */; };
		D67EEC5523A9E02B00E8F948 /* SceneDelegate.swift in Sources */ = {isa = PBXBuildFile; fileRef = D67EEC5423A9E02B00E8F948 /* SceneDelegate.swift */; };
		D67EEC5723A9E02B00E8F948 /* ViewController.swift in Sources */ = {isa = PBXBuildFile; fileRef = D67EEC5623A9E02B00E8F948 /* ViewController.swift */; };
		D67EEC5A23A9E02B00E8F948 /* Main.storyboard in Resources */ = {isa = PBXBuildFile; fileRef = D67EEC5823A9E02B00E8F948 /* Main.storyboard */; };
		D67EEC5C23A9E02D00E8F948 /* Assets.xcassets in Resources */ = {isa = PBXBuildFile; fileRef = D67EEC5B23A9E02D00E8F948 /* Assets.xcassets */; };
		D67EEC5F23A9E02D00E8F948 /* LaunchScreen.storyboard in Resources */ = {isa = PBXBuildFile; fileRef = D67EEC5D23A9E02D00E8F948 /* LaunchScreen.storyboard */; };
		D6B4DD0423AEADC100FCE8F0 /* PaymentScheduleTableViewController.swift in Sources */ = {isa = PBXBuildFile; fileRef = D6B4DD0323AEADC100FCE8F0 /* PaymentScheduleTableViewController.swift */; };
		D6B4DD0723AEADEF00FCE8F0 /* PaymentTableViewCell.swift in Sources */ = {isa = PBXBuildFile; fileRef = D6B4DD0623AEADEF00FCE8F0 /* PaymentTableViewCell.swift */; };
		EF28F91123AD9B89003B3362 /* CustomButton.swift in Sources */ = {isa = PBXBuildFile; fileRef = EF28F91023AD9B89003B3362 /* CustomButton.swift */; };
		EF9805BC23AC686400FB0F2D /* MorgagePayment.swift in Sources */ = {isa = PBXBuildFile; fileRef = EF9805BB23AC686400FB0F2D /* MorgagePayment.swift */; };
		EF9805BE23AC697C00FB0F2D /* MortgageController.swift in Sources */ = {isa = PBXBuildFile; fileRef = EF9805BD23AC697C00FB0F2D /* MortgageController.swift */; };
		EF9805C123AC831700FB0F2D /* CustomTextField.swift in Sources */ = {isa = PBXBuildFile; fileRef = EF9805C023AC831700FB0F2D /* CustomTextField.swift */; };
/* End PBXBuildFile section */

/* Begin PBXFileReference section */
		D67EEC4F23A9E02B00E8F948 /* Mortgage Calculator.app */ = {isa = PBXFileReference; explicitFileType = wrapper.application; includeInIndex = 0; path = "Mortgage Calculator.app"; sourceTree = BUILT_PRODUCTS_DIR; };
		D67EEC5223A9E02B00E8F948 /* AppDelegate.swift */ = {isa = PBXFileReference; lastKnownFileType = sourcecode.swift; path = AppDelegate.swift; sourceTree = "<group>"; };
		D67EEC5423A9E02B00E8F948 /* SceneDelegate.swift */ = {isa = PBXFileReference; lastKnownFileType = sourcecode.swift; path = SceneDelegate.swift; sourceTree = "<group>"; };
		D67EEC5623A9E02B00E8F948 /* ViewController.swift */ = {isa = PBXFileReference; lastKnownFileType = sourcecode.swift; path = ViewController.swift; sourceTree = "<group>"; };
		D67EEC5923A9E02B00E8F948 /* Base */ = {isa = PBXFileReference; lastKnownFileType = file.storyboard; name = Base; path = Base.lproj/Main.storyboard; sourceTree = "<group>"; };
		D67EEC5B23A9E02D00E8F948 /* Assets.xcassets */ = {isa = PBXFileReference; lastKnownFileType = folder.assetcatalog; path = Assets.xcassets; sourceTree = "<group>"; };
		D67EEC5E23A9E02D00E8F948 /* Base */ = {isa = PBXFileReference; lastKnownFileType = file.storyboard; name = Base; path = Base.lproj/LaunchScreen.storyboard; sourceTree = "<group>"; };
		D67EEC6023A9E02D00E8F948 /* Info.plist */ = {isa = PBXFileReference; lastKnownFileType = text.plist.xml; path = Info.plist; sourceTree = "<group>"; };
		D6B4DD0323AEADC100FCE8F0 /* PaymentScheduleTableViewController.swift */ = {isa = PBXFileReference; lastKnownFileType = sourcecode.swift; path = PaymentScheduleTableViewController.swift; sourceTree = "<group>"; };
		D6B4DD0623AEADEF00FCE8F0 /* PaymentTableViewCell.swift */ = {isa = PBXFileReference; lastKnownFileType = sourcecode.swift; path = PaymentTableViewCell.swift; sourceTree = "<group>"; };
		EF28F91023AD9B89003B3362 /* CustomButton.swift */ = {isa = PBXFileReference; lastKnownFileType = sourcecode.swift; path = CustomButton.swift; sourceTree = "<group>"; };
		EF9805BB23AC686400FB0F2D /* MorgagePayment.swift */ = {isa = PBXFileReference; lastKnownFileType = sourcecode.swift; path = MorgagePayment.swift; sourceTree = "<group>"; };
		EF9805BD23AC697C00FB0F2D /* MortgageController.swift */ = {isa = PBXFileReference; lastKnownFileType = sourcecode.swift; path = MortgageController.swift; sourceTree = "<group>"; };
		EF9805C023AC831700FB0F2D /* CustomTextField.swift */ = {isa = PBXFileReference; lastKnownFileType = sourcecode.swift; path = CustomTextField.swift; sourceTree = "<group>"; };
/* End PBXFileReference section */

/* Begin PBXFrameworksBuildPhase section */
		D67EEC4C23A9E02B00E8F948 /* Frameworks */ = {
			isa = PBXFrameworksBuildPhase;
			buildActionMask = 2147483647;
			files = (
			);
			runOnlyForDeploymentPostprocessing = 0;
		};
/* End PBXFrameworksBuildPhase section */

/* Begin PBXGroup section */
		D67EEC4623A9E02B00E8F948 = {
			isa = PBXGroup;
			children = (
				D67EEC5123A9E02B00E8F948 /* Mortgage Calculator */,
				D67EEC5023A9E02B00E8F948 /* Products */,
			);
			sourceTree = "<group>";
		};
		D67EEC5023A9E02B00E8F948 /* Products */ = {
			isa = PBXGroup;
			children = (
				D67EEC4F23A9E02B00E8F948 /* Mortgage Calculator.app */,
			);
			name = Products;
			sourceTree = "<group>";
		};
		D67EEC5123A9E02B00E8F948 /* Mortgage Calculator */ = {
			isa = PBXGroup;
			children = (
				EF73373723AB20EE0037CB1D /* Model */,
				EF73373823AB21290037CB1D /* Model Controller */,
				D6B4DD0523AEADD800FCE8F0 /* Views */,
				EF73373923AB21370037CB1D /* View Contollers */,
				EF73373A23AB21510037CB1D /* Storyboards */,
				EF9805BF23AC82E000FB0F2D /* Helpers */,
				EF73373B23AB21930037CB1D /* Resources */,
			);
			path = "Mortgage Calculator";
			sourceTree = "<group>";
		};
		D6B4DD0523AEADD800FCE8F0 /* Views */ = {
			isa = PBXGroup;
			children = (
				D6B4DD0623AEADEF00FCE8F0 /* PaymentTableViewCell.swift */,
			);
			name = Views;
			sourceTree = "<group>";
		};
		EF73373723AB20EE0037CB1D /* Model */ = {
			isa = PBXGroup;
			children = (
				EF9805BB23AC686400FB0F2D /* MorgagePayment.swift */,
			);
			name = Model;
			sourceTree = "<group>";
		};
		EF73373823AB21290037CB1D /* Model Controller */ = {
			isa = PBXGroup;
			children = (
				EF9805BD23AC697C00FB0F2D /* MortgageController.swift */,
			);
			name = "Model Controller";
			sourceTree = "<group>";
		};
		EF73373923AB21370037CB1D /* View Contollers */ = {
			isa = PBXGroup;
			children = (
				D67EEC5623A9E02B00E8F948 /* ViewController.swift */,
				D6B4DD0323AEADC100FCE8F0 /* PaymentScheduleTableViewController.swift */,
			);
			name = "View Contollers";
			sourceTree = "<group>";
		};
		EF73373A23AB21510037CB1D /* Storyboards */ = {
			isa = PBXGroup;
			children = (
				D67EEC5823A9E02B00E8F948 /* Main.storyboard */,
				D67EEC5D23A9E02D00E8F948 /* LaunchScreen.storyboard */,
			);
			name = Storyboards;
			sourceTree = "<group>";
		};
		EF73373B23AB21930037CB1D /* Resources */ = {
			isa = PBXGroup;
			children = (
				D67EEC5223A9E02B00E8F948 /* AppDelegate.swift */,
				D67EEC5423A9E02B00E8F948 /* SceneDelegate.swift */,
				D67EEC5B23A9E02D00E8F948 /* Assets.xcassets */,
				D67EEC6023A9E02D00E8F948 /* Info.plist */,
			);
			name = Resources;
			sourceTree = "<group>";
		};
		EF9805BF23AC82E000FB0F2D /* Helpers */ = {
			isa = PBXGroup;
			children = (
				EF9805C023AC831700FB0F2D /* CustomTextField.swift */,
				EF28F91023AD9B89003B3362 /* CustomButton.swift */,
			);
			name = Helpers;
			sourceTree = "<group>";
		};
/* End PBXGroup section */

/* Begin PBXNativeTarget section */
		D67EEC4E23A9E02B00E8F948 /* Mortgage Calculator */ = {
			isa = PBXNativeTarget;
			buildConfigurationList = D67EEC6323A9E02D00E8F948 /* Build configuration list for PBXNativeTarget "Mortgage Calculator" */;
			buildPhases = (
				D67EEC4B23A9E02B00E8F948 /* Sources */,
				D67EEC4C23A9E02B00E8F948 /* Frameworks */,
				D67EEC4D23A9E02B00E8F948 /* Resources */,
			);
			buildRules = (
			);
			dependencies = (
			);
			name = "Mortgage Calculator";
			productName = "Mortgage Calculator";
			productReference = D67EEC4F23A9E02B00E8F948 /* Mortgage Calculator.app */;
			productType = "com.apple.product-type.application";
		};
/* End PBXNativeTarget section */

/* Begin PBXProject section */
		D67EEC4723A9E02B00E8F948 /* Project object */ = {
			isa = PBXProject;
			attributes = {
				LastSwiftUpdateCheck = 1130;
				LastUpgradeCheck = 1130;
				ORGANIZATIONNAME = "Michael Stoffer";
				TargetAttributes = {
					D67EEC4E23A9E02B00E8F948 = {
						CreatedOnToolsVersion = 11.3;
					};
				};
			};
			buildConfigurationList = D67EEC4A23A9E02B00E8F948 /* Build configuration list for PBXProject "Mortgage Calculator" */;
			compatibilityVersion = "Xcode 9.3";
			developmentRegion = en;
			hasScannedForEncodings = 0;
			knownRegions = (
				en,
				Base,
			);
			mainGroup = D67EEC4623A9E02B00E8F948;
			productRefGroup = D67EEC5023A9E02B00E8F948 /* Products */;
			projectDirPath = "";
			projectRoot = "";
			targets = (
				D67EEC4E23A9E02B00E8F948 /* Mortgage Calculator */,
			);
		};
/* End PBXProject section */

/* Begin PBXResourcesBuildPhase section */
		D67EEC4D23A9E02B00E8F948 /* Resources */ = {
			isa = PBXResourcesBuildPhase;
			buildActionMask = 2147483647;
			files = (
				D67EEC5F23A9E02D00E8F948 /* LaunchScreen.storyboard in Resources */,
				D67EEC5C23A9E02D00E8F948 /* Assets.xcassets in Resources */,
				D67EEC5A23A9E02B00E8F948 /* Main.storyboard in Resources */,
			);
			runOnlyForDeploymentPostprocessing = 0;
		};
/* End PBXResourcesBuildPhase section */

/* Begin PBXSourcesBuildPhase section */
		D67EEC4B23A9E02B00E8F948 /* Sources */ = {
			isa = PBXSourcesBuildPhase;
			buildActionMask = 2147483647;
			files = (
				EF9805BE23AC697C00FB0F2D /* MortgageController.swift in Sources */,
				D67EEC5723A9E02B00E8F948 /* ViewController.swift in Sources */,
				D6B4DD0723AEADEF00FCE8F0 /* PaymentTableViewCell.swift in Sources */,
				D67EEC5323A9E02B00E8F948 /* AppDelegate.swift in Sources */,
				EF9805C123AC831700FB0F2D /* CustomTextField.swift in Sources */,
				EF28F91123AD9B89003B3362 /* CustomButton.swift in Sources */,
				D6B4DD0423AEADC100FCE8F0 /* PaymentScheduleTableViewController.swift in Sources */,
				EF9805BC23AC686400FB0F2D /* MorgagePayment.swift in Sources */,
				D67EEC5523A9E02B00E8F948 /* SceneDelegate.swift in Sources */,
			);
			runOnlyForDeploymentPostprocessing = 0;
		};
/* End PBXSourcesBuildPhase section */

/* Begin PBXVariantGroup section */
		D67EEC5823A9E02B00E8F948 /* Main.storyboard */ = {
			isa = PBXVariantGroup;
			children = (
				D67EEC5923A9E02B00E8F948 /* Base */,
			);
			name = Main.storyboard;
			sourceTree = "<group>";
		};
		D67EEC5D23A9E02D00E8F948 /* LaunchScreen.storyboard */ = {
			isa = PBXVariantGroup;
			children = (
				D67EEC5E23A9E02D00E8F948 /* Base */,
			);
			name = LaunchScreen.storyboard;
			sourceTree = "<group>";
		};
/* End PBXVariantGroup section */

/* Begin XCBuildConfiguration section */
		D67EEC6123A9E02D00E8F948 /* Debug */ = {
			isa = XCBuildConfiguration;
			buildSettings = {
				ALWAYS_SEARCH_USER_PATHS = NO;
				CLANG_ANALYZER_NONNULL = YES;
				CLANG_ANALYZER_NUMBER_OBJECT_CONVERSION = YES_AGGRESSIVE;
				CLANG_CXX_LANGUAGE_STANDARD = "gnu++14";
				CLANG_CXX_LIBRARY = "libc++";
				CLANG_ENABLE_MODULES = YES;
				CLANG_ENABLE_OBJC_ARC = YES;
				CLANG_ENABLE_OBJC_WEAK = YES;
				CLANG_WARN_BLOCK_CAPTURE_AUTORELEASING = YES;
				CLANG_WARN_BOOL_CONVERSION = YES;
				CLANG_WARN_COMMA = YES;
				CLANG_WARN_CONSTANT_CONVERSION = YES;
				CLANG_WARN_DEPRECATED_OBJC_IMPLEMENTATIONS = YES;
				CLANG_WARN_DIRECT_OBJC_ISA_USAGE = YES_ERROR;
				CLANG_WARN_DOCUMENTATION_COMMENTS = YES;
				CLANG_WARN_EMPTY_BODY = YES;
				CLANG_WARN_ENUM_CONVERSION = YES;
				CLANG_WARN_INFINITE_RECURSION = YES;
				CLANG_WARN_INT_CONVERSION = YES;
				CLANG_WARN_NON_LITERAL_NULL_CONVERSION = YES;
				CLANG_WARN_OBJC_IMPLICIT_RETAIN_SELF = YES;
				CLANG_WARN_OBJC_LITERAL_CONVERSION = YES;
				CLANG_WARN_OBJC_ROOT_CLASS = YES_ERROR;
				CLANG_WARN_RANGE_LOOP_ANALYSIS = YES;
				CLANG_WARN_STRICT_PROTOTYPES = YES;
				CLANG_WARN_SUSPICIOUS_MOVE = YES;
				CLANG_WARN_UNGUARDED_AVAILABILITY = YES_AGGRESSIVE;
				CLANG_WARN_UNREACHABLE_CODE = YES;
				CLANG_WARN__DUPLICATE_METHOD_MATCH = YES;
				COPY_PHASE_STRIP = NO;
				DEBUG_INFORMATION_FORMAT = dwarf;
				ENABLE_STRICT_OBJC_MSGSEND = YES;
				ENABLE_TESTABILITY = YES;
				GCC_C_LANGUAGE_STANDARD = gnu11;
				GCC_DYNAMIC_NO_PIC = NO;
				GCC_NO_COMMON_BLOCKS = YES;
				GCC_OPTIMIZATION_LEVEL = 0;
				GCC_PREPROCESSOR_DEFINITIONS = (
					"DEBUG=1",
					"$(inherited)",
				);
				GCC_WARN_64_TO_32_BIT_CONVERSION = YES;
				GCC_WARN_ABOUT_RETURN_TYPE = YES_ERROR;
				GCC_WARN_UNDECLARED_SELECTOR = YES;
				GCC_WARN_UNINITIALIZED_AUTOS = YES_AGGRESSIVE;
				GCC_WARN_UNUSED_FUNCTION = YES;
				GCC_WARN_UNUSED_VARIABLE = YES;
				IPHONEOS_DEPLOYMENT_TARGET = 13.2;
				MTL_ENABLE_DEBUG_INFO = INCLUDE_SOURCE;
				MTL_FAST_MATH = YES;
				ONLY_ACTIVE_ARCH = YES;
				SDKROOT = iphoneos;
				SWIFT_ACTIVE_COMPILATION_CONDITIONS = DEBUG;
				SWIFT_OPTIMIZATION_LEVEL = "-Onone";
			};
			name = Debug;
		};
		D67EEC6223A9E02D00E8F948 /* Release */ = {
			isa = XCBuildConfiguration;
			buildSettings = {
				ALWAYS_SEARCH_USER_PATHS = NO;
				CLANG_ANALYZER_NONNULL = YES;
				CLANG_ANALYZER_NUMBER_OBJECT_CONVERSION = YES_AGGRESSIVE;
				CLANG_CXX_LANGUAGE_STANDARD = "gnu++14";
				CLANG_CXX_LIBRARY = "libc++";
				CLANG_ENABLE_MODULES = YES;
				CLANG_ENABLE_OBJC_ARC = YES;
				CLANG_ENABLE_OBJC_WEAK = YES;
				CLANG_WARN_BLOCK_CAPTURE_AUTORELEASING = YES;
				CLANG_WARN_BOOL_CONVERSION = YES;
				CLANG_WARN_COMMA = YES;
				CLANG_WARN_CONSTANT_CONVERSION = YES;
				CLANG_WARN_DEPRECATED_OBJC_IMPLEMENTATIONS = YES;
				CLANG_WARN_DIRECT_OBJC_ISA_USAGE = YES_ERROR;
				CLANG_WARN_DOCUMENTATION_COMMENTS = YES;
				CLANG_WARN_EMPTY_BODY = YES;
				CLANG_WARN_ENUM_CONVERSION = YES;
				CLANG_WARN_INFINITE_RECURSION = YES;
				CLANG_WARN_INT_CONVERSION = YES;
				CLANG_WARN_NON_LITERAL_NULL_CONVERSION = YES;
				CLANG_WARN_OBJC_IMPLICIT_RETAIN_SELF = YES;
				CLANG_WARN_OBJC_LITERAL_CONVERSION = YES;
				CLANG_WARN_OBJC_ROOT_CLASS = YES_ERROR;
				CLANG_WARN_RANGE_LOOP_ANALYSIS = YES;
				CLANG_WARN_STRICT_PROTOTYPES = YES;
				CLANG_WARN_SUSPICIOUS_MOVE = YES;
				CLANG_WARN_UNGUARDED_AVAILABILITY = YES_AGGRESSIVE;
				CLANG_WARN_UNREACHABLE_CODE = YES;
				CLANG_WARN__DUPLICATE_METHOD_MATCH = YES;
				COPY_PHASE_STRIP = NO;
				DEBUG_INFORMATION_FORMAT = "dwarf-with-dsym";
				ENABLE_NS_ASSERTIONS = NO;
				ENABLE_STRICT_OBJC_MSGSEND = YES;
				GCC_C_LANGUAGE_STANDARD = gnu11;
				GCC_NO_COMMON_BLOCKS = YES;
				GCC_WARN_64_TO_32_BIT_CONVERSION = YES;
				GCC_WARN_ABOUT_RETURN_TYPE = YES_ERROR;
				GCC_WARN_UNDECLARED_SELECTOR = YES;
				GCC_WARN_UNINITIALIZED_AUTOS = YES_AGGRESSIVE;
				GCC_WARN_UNUSED_FUNCTION = YES;
				GCC_WARN_UNUSED_VARIABLE = YES;
				IPHONEOS_DEPLOYMENT_TARGET = 13.2;
				MTL_ENABLE_DEBUG_INFO = NO;
				MTL_FAST_MATH = YES;
				SDKROOT = iphoneos;
				SWIFT_COMPILATION_MODE = wholemodule;
				SWIFT_OPTIMIZATION_LEVEL = "-O";
				VALIDATE_PRODUCT = YES;
			};
			name = Release;
		};
		D67EEC6423A9E02D00E8F948 /* Debug */ = {
			isa = XCBuildConfiguration;
			buildSettings = {
				ASSETCATALOG_COMPILER_APPICON_NAME = AppIcon;
				CODE_SIGN_STYLE = Automatic;
				DEVELOPMENT_TEAM = 3XVDLP5XYQ;
				INFOPLIST_FILE = "Mortgage Calculator/Info.plist";
				LD_RUNPATH_SEARCH_PATHS = (
					"$(inherited)",
					"@executable_path/Frameworks",
				);
				MARKETING_VERSION = 1.0.9;
				PRODUCT_BUNDLE_IDENTIFIER = "com.michaelstoffer.Mortgage-Calculator";
				PRODUCT_NAME = "$(TARGET_NAME)";
				SWIFT_VERSION = 5.0;
				TARGETED_DEVICE_FAMILY = "1,2";
			};
			name = Debug;
		};
		D67EEC6523A9E02D00E8F948 /* Release */ = {
			isa = XCBuildConfiguration;
			buildSettings = {
				ASSETCATALOG_COMPILER_APPICON_NAME = AppIcon;
				CODE_SIGN_STYLE = Automatic;
				DEVELOPMENT_TEAM = 3XVDLP5XYQ;
				INFOPLIST_FILE = "Mortgage Calculator/Info.plist";
				LD_RUNPATH_SEARCH_PATHS = (
					"$(inherited)",
					"@executable_path/Frameworks",
				);
				MARKETING_VERSION = 1.0.9;
				PRODUCT_BUNDLE_IDENTIFIER = "com.michaelstoffer.Mortgage-Calculator";
				PRODUCT_NAME = "$(TARGET_NAME)";
				SWIFT_VERSION = 5.0;
				TARGETED_DEVICE_FAMILY = "1,2";
			};
			name = Release;
		};
/* End XCBuildConfiguration section */

/* Begin XCConfigurationList section */
		D67EEC4A23A9E02B00E8F948 /* Build configuration list for PBXProject "Mortgage Calculator" */ = {
			isa = XCConfigurationList;
			buildConfigurations = (
				D67EEC6123A9E02D00E8F948 /* Debug */,
				D67EEC6223A9E02D00E8F948 /* Release */,
			);
			defaultConfigurationIsVisible = 0;
			defaultConfigurationName = Release;
		};
		D67EEC6323A9E02D00E8F948 /* Build configuration list for PBXNativeTarget "Mortgage Calculator" */ = {
			isa = XCConfigurationList;
			buildConfigurations = (
				D67EEC6423A9E02D00E8F948 /* Debug */,
				D67EEC6523A9E02D00E8F948 /* Release */,
			);
			defaultConfigurationIsVisible = 0;
			defaultConfigurationName = Release;
		};
/* End XCConfigurationList section */
	};
	rootObject = D67EEC4723A9E02B00E8F948 /* Project object */;
}
